
Microsoft Visual Studio Solution File, Format Version 12.00
# Visual Studio Version 17
VisualStudioVersion = 17.14.36616.10 d17.14
MinimumVisualStudioVersion = 10.0.40219.1
Project("{FAE04EC0-301F-11D3-BF4B-00C04F79EFBC}") = "LoginApp", "LoginApp\LoginApp.csproj", "{BAE425D6-59DA-4B9B-9D14-E9031F056305}"
EndProject
Project("{FAE04EC0-301F-11D3-BF4B-00C04F79EFBC}") = "API", "API\API.csproj", "{16EB392B-036B-48F5-9539-915B38B39DBF}"
EndProject
Project("{FAE04EC0-301F-11D3-BF4B-00C04F79EFBC}") = "AdminDashboard.Domain", "AdminDashboard.common\AdminDashboard.Domain.csproj", "{FCF5D7F3-DEC6-4C68-BDE7-1C7E891C9DAF}"
EndProject
Project("{FAE04EC0-301F-11D3-BF4B-00C04F79EFBC}") = "AdminDashboard.Repositories", "AdminDashboard.Repositories\AdminDashboard.Repositories.csproj", "{9E9C8B48-2B9D-4EE3-85E3-6B48F4844E57}"
EndProject
Project("{FAE04EC0-301F-11D3-BF4B-00C04F79EFBC}") = "AdminDashboard.Services", "AdminDashboard.Services\AdminDashboard.Services.csproj", "{A1309313-F1AF-410B-BC2B-8D0A3EEA70D0}"
EndProject
Global
	GlobalSection(SolutionConfigurationPlatforms) = preSolution
		Debug|Any CPU = Debug|Any CPU
		Release|Any CPU = Release|Any CPU
	EndGlobalSection
	GlobalSection(ProjectConfigurationPlatforms) = postSolution
		{BAE425D6-59DA-4B9B-9D14-E9031F056305}.Debug|Any CPU.ActiveCfg = Debug|Any CPU
		{BAE425D6-59DA-4B9B-9D14-E9031F056305}.Debug|Any CPU.Build.0 = Debug|Any CPU
		{BAE425D6-59DA-4B9B-9D14-E9031F056305}.Release|Any CPU.ActiveCfg = Release|Any CPU
		{BAE425D6-59DA-4B9B-9D14-E9031F056305}.Release|Any CPU.Build.0 = Release|Any CPU
		{16EB392B-036B-48F5-9539-915B38B39DBF}.Debug|Any CPU.ActiveCfg = Debug|Any CPU
		{16EB392B-036B-48F5-9539-915B38B39DBF}.Debug|Any CPU.Build.0 = Debug|Any CPU
		{16EB392B-036B-48F5-9539-915B38B39DBF}.Release|Any CPU.ActiveCfg = Release|Any CPU
		{16EB392B-036B-48F5-9539-915B38B39DBF}.Release|Any CPU.Build.0 = Release|Any CPU
		{FCF5D7F3-DEC6-4C68-BDE7-1C7E891C9DAF}.Debug|Any CPU.ActiveCfg = Debug|Any CPU
		{FCF5D7F3-DEC6-4C68-BDE7-1C7E891C9DAF}.Debug|Any CPU.Build.0 = Debug|Any CPU
		{FCF5D7F3-DEC6-4C68-BDE7-1C7E891C9DAF}.Release|Any CPU.ActiveCfg = Release|Any CPU
		{FCF5D7F3-DEC6-4C68-BDE7-1C7E891C9DAF}.Release|Any CPU.Build.0 = Release|Any CPU
		{9E9C8B48-2B9D-4EE3-85E3-6B48F4844E57}.Debug|Any CPU.ActiveCfg = Debug|Any CPU
		{9E9C8B48-2B9D-4EE3-85E3-6B48F4844E57}.Debug|Any CPU.Build.0 = Debug|Any CPU
		{9E9C8B48-2B9D-4EE3-85E3-6B48F4844E57}.Release|Any CPU.ActiveCfg = Release|Any CPU
		{9E9C8B48-2B9D-4EE3-85E3-6B48F4844E57}.Release|Any CPU.Build.0 = Release|Any CPU
		{A1309313-F1AF-410B-BC2B-8D0A3EEA70D0}.Debug|Any CPU.ActiveCfg = Debug|Any CPU
		{A1309313-F1AF-410B-BC2B-8D0A3EEA70D0}.Debug|Any CPU.Build.0 = Debug|Any CPU
		{A1309313-F1AF-410B-BC2B-8D0A3EEA70D0}.Release|Any CPU.ActiveCfg = Release|Any CPU
		{A1309313-F1AF-410B-BC2B-8D0A3EEA70D0}.Release|Any CPU.Build.0 = Release|Any CPU
	EndGlobalSection
	GlobalSection(SolutionProperties) = preSolution
		HideSolutionNode = FALSE
	EndGlobalSection
	GlobalSection(ExtensibilityGlobals) = postSolution
		SolutionGuid = {08250BCB-D560-4367-B3C8-906D074AA305}
	EndGlobalSection
EndGlobal
